
Microsoft Visual Studio Solution File, Format Version 12.00
# Visual Studio 15
Project("{FAE04EC0-301F-11D3-BF4B-00C04F79EFBC}") = "PhotonChat", "PhotonChat.csproj", "{9F30FA6D-C387-FF79-9D60-A9B0527E692C}"
EndProject
Project("{FAE04EC0-301F-11D3-BF4B-00C04F79EFBC}") = "PhotonUnityNetworking.Demos", "PhotonUnityNetworking.Demos.csproj", "{4F34BE12-8E88-5719-D712-E713A7964862}"
EndProject
Project("{FAE04EC0-301F-11D3-BF4B-00C04F79EFBC}") = "Assembly-CSharp", "Assembly-CSharp.csproj", "{961E5719-7FED-604C-B7DE-AE8F07F3FE68}"
EndProject
Project("{FAE04EC0-301F-11D3-BF4B-00C04F79EFBC}") = "PhotonRealtime", "PhotonRealtime.csproj", "{2D149E37-300B-009C-641B-BD03DBA7CD27}"
EndProject
Project("{FAE04EC0-301F-11D3-BF4B-00C04F79EFBC}") = "PhotonUnityNetworking.Editor", "PhotonUnityNetworking.Editor.csproj", "{F88529B1-4504-AF8E-BD58-83D2FB1927E9}"
EndProject
Project("{FAE04EC0-301F-11D3-BF4B-00C04F79EFBC}") = "PhotonUnityNetworking", "PhotonUnityNetworking.csproj", "{CA49F6FE-88E3-AE56-9B22-7F62B53D3925}"
EndProject
Project("{FAE04EC0-301F-11D3-BF4B-00C04F79EFBC}") = "PhotonUnityNetworking.Utilities.PhotonPlayer.Editor", "PhotonUnityNetworking.Utilities.PhotonPlayer.Editor.csproj", "{50D36798-F755-38A5-81F4-20A9C1D362E0}"
EndProject
Project("{FAE04EC0-301F-11D3-BF4B-00C04F79EFBC}") = "PhotonUnityNetworking.Utilities", "PhotonUnityNetworking.Utilities.csproj", "{F6146A23-6B33-1675-C25F-A20A3406DFCA}"
EndProject
Project("{FAE04EC0-301F-11D3-BF4B-00C04F79EFBC}") = "PunDemos.DemoSlotcarEditor", "PunDemos.DemoSlotcarEditor.csproj", "{8B7A6B8A-414F-3446-CA7E-C4B73827AA30}"
EndProject
Project("{FAE04EC0-301F-11D3-BF4B-00C04F79EFBC}") = "PhotonUnityNetworking.Utilities.Culling.Editor", "PhotonUnityNetworking.Utilities.Culling.Editor.csproj", "{C8BEB65F-CD18-F4D8-1CE3-F0E5569A1648}"
EndProject
Project("{FAE04EC0-301F-11D3-BF4B-00C04F79EFBC}") = "PunDemos.DemoHubEditor", "PunDemos.DemoHubEditor.csproj", "{1AF69E3B-F426-7FB6-E0DE-405D525D15BF}"
EndProject
Project("{FAE04EC0-301F-11D3-BF4B-00C04F79EFBC}") = "Assembly-CSharp-Editor", "Assembly-CSharp-Editor.csproj", "{11BB4851-0595-9848-BD3F-847E49008071}"
EndProject
Global
	GlobalSection(SolutionConfigurationPlatforms) = preSolution
		Debug|Any CPU = Debug|Any CPU
		Release|Any CPU = Release|Any CPU
	EndGlobalSection
	GlobalSection(ProjectConfigurationPlatforms) = postSolution
		{9F30FA6D-C387-FF79-9D60-A9B0527E692C}.Debug|Any CPU.ActiveCfg = Debug|Any CPU
		{9F30FA6D-C387-FF79-9D60-A9B0527E692C}.Debug|Any CPU.Build.0 = Debug|Any CPU
		{9F30FA6D-C387-FF79-9D60-A9B0527E692C}.Release|Any CPU.ActiveCfg = Release|Any CPU
		{9F30FA6D-C387-FF79-9D60-A9B0527E692C}.Release|Any CPU.Build.0 = Release|Any CPU
		{4F34BE12-8E88-5719-D712-E713A7964862}.Debug|Any CPU.ActiveCfg = Debug|Any CPU
		{4F34BE12-8E88-5719-D712-E713A7964862}.Debug|Any CPU.Build.0 = Debug|Any CPU
		{4F34BE12-8E88-5719-D712-E713A7964862}.Release|Any CPU.ActiveCfg = Release|Any CPU
		{4F34BE12-8E88-5719-D712-E713A7964862}.Release|Any CPU.Build.0 = Release|Any CPU
		{961E5719-7FED-604C-B7DE-AE8F07F3FE68}.Debug|Any CPU.ActiveCfg = Debug|Any CPU
		{961E5719-7FED-604C-B7DE-AE8F07F3FE68}.Debug|Any CPU.Build.0 = Debug|Any CPU
		{961E5719-7FED-604C-B7DE-AE8F07F3FE68}.Release|Any CPU.ActiveCfg = Release|Any CPU
		{961E5719-7FED-604C-B7DE-AE8F07F3FE68}.Release|Any CPU.Build.0 = Release|Any CPU
		{2D149E37-300B-009C-641B-BD03DBA7CD27}.Debug|Any CPU.ActiveCfg = Debug|Any CPU
		{2D149E37-300B-009C-641B-BD03DBA7CD27}.Debug|Any CPU.Build.0 = Debug|Any CPU
		{2D149E37-300B-009C-641B-BD03DBA7CD27}.Release|Any CPU.ActiveCfg = Release|Any CPU
		{2D149E37-300B-009C-641B-BD03DBA7CD27}.Release|Any CPU.Build.0 = Release|Any CPU
		{F88529B1-4504-AF8E-BD58-83D2FB1927E9}.Debug|Any CPU.ActiveCfg = Debug|Any CPU
		{F88529B1-4504-AF8E-BD58-83D2FB1927E9}.Debug|Any CPU.Build.0 = Debug|Any CPU
		{F88529B1-4504-AF8E-BD58-83D2FB1927E9}.Release|Any CPU.ActiveCfg = Release|Any CPU
		{F88529B1-4504-AF8E-BD58-83D2FB1927E9}.Release|Any CPU.Build.0 = Release|Any CPU
		{CA49F6FE-88E3-AE56-9B22-7F62B53D3925}.Debug|Any CPU.ActiveCfg = Debug|Any CPU
		{CA49F6FE-88E3-AE56-9B22-7F62B53D3925}.Debug|Any CPU.Build.0 = Debug|Any CPU
		{CA49F6FE-88E3-AE56-9B22-7F62B53D3925}.Release|Any CPU.ActiveCfg = Release|Any CPU
		{CA49F6FE-88E3-AE56-9B22-7F62B53D3925}.Release|Any CPU.Build.0 = Release|Any CPU
		{50D36798-F755-38A5-81F4-20A9C1D362E0}.Debug|Any CPU.ActiveCfg = Debug|Any CPU
		{50D36798-F755-38A5-81F4-20A9C1D362E0}.Debug|Any CPU.Build.0 = Debug|Any CPU
		{50D36798-F755-38A5-81F4-20A9C1D362E0}.Release|Any CPU.ActiveCfg = Release|Any CPU
		{50D36798-F755-38A5-81F4-20A9C1D362E0}.Release|Any CPU.Build.0 = Release|Any CPU
		{F6146A23-6B33-1675-C25F-A20A3406DFCA}.Debug|Any CPU.ActiveCfg = Debug|Any CPU
		{F6146A23-6B33-1675-C25F-A20A3406DFCA}.Debug|Any CPU.Build.0 = Debug|Any CPU
		{F6146A23-6B33-1675-C25F-A20A3406DFCA}.Release|Any CPU.ActiveCfg = Release|Any CPU
		{F6146A23-6B33-1675-C25F-A20A3406DFCA}.Release|Any CPU.Build.0 = Release|Any CPU
		{8B7A6B8A-414F-3446-CA7E-C4B73827AA30}.Debug|Any CPU.ActiveCfg = Debug|Any CPU
		{8B7A6B8A-414F-3446-CA7E-C4B73827AA30}.Debug|Any CPU.Build.0 = Debug|Any CPU
		{8B7A6B8A-414F-3446-CA7E-C4B73827AA30}.Release|Any CPU.ActiveCfg = Release|Any CPU
		{8B7A6B8A-414F-3446-CA7E-C4B73827AA30}.Release|Any CPU.Build.0 = Release|Any CPU
		{C8BEB65F-CD18-F4D8-1CE3-F0E5569A1648}.Debug|Any CPU.ActiveCfg = Debug|Any CPU
		{C8BEB65F-CD18-F4D8-1CE3-F0E5569A1648}.Debug|Any CPU.Build.0 = Debug|Any CPU
		{C8BEB65F-CD18-F4D8-1CE3-F0E5569A1648}.Release|Any CPU.ActiveCfg = Release|Any CPU
		{C8BEB65F-CD18-F4D8-1CE3-F0E5569A1648}.Release|Any CPU.Build.0 = Release|Any CPU
		{1AF69E3B-F426-7FB6-E0DE-405D525D15BF}.Debug|Any CPU.ActiveCfg = Debug|Any CPU
		{1AF69E3B-F426-7FB6-E0DE-405D525D15BF}.Debug|Any CPU.Build.0 = Debug|Any CPU
		{1AF69E3B-F426-7FB6-E0DE-405D525D15BF}.Release|Any CPU.ActiveCfg = Release|Any CPU
		{1AF69E3B-F426-7FB6-E0DE-405D525D15BF}.Release|Any CPU.Build.0 = Release|Any CPU
		{11BB4851-0595-9848-BD3F-847E49008071}.Debug|Any CPU.ActiveCfg = Debug|Any CPU
		{11BB4851-0595-9848-BD3F-847E49008071}.Debug|Any CPU.Build.0 = Debug|Any CPU
		{11BB4851-0595-9848-BD3F-847E49008071}.Release|Any CPU.ActiveCfg = Release|Any CPU
		{11BB4851-0595-9848-BD3F-847E49008071}.Release|Any CPU.Build.0 = Release|Any CPU
	EndGlobalSection
	GlobalSection(SolutionProperties) = preSolution
		HideSolutionNode = FALSE
	EndGlobalSection
EndGlobal
